
Microsoft Visual Studio Solution File, Format Version 12.00
# Visual Studio 2013
VisualStudioVersion = 12.0.30110.0
MinimumVisualStudioVersion = 10.0.40219.1
Project("{FAE04EC0-301F-11D3-BF4B-00C04F79EFBC}") = "Geekhub", "Geekhub\Geekhub.csproj", "{B3AFAFCC-986D-4F5A-8EBA-25AF228D60AC}"
EndProject
Project("{FAE04EC0-301F-11D3-BF4B-00C04F79EFBC}") = "Geekhub.Tests", "Geekhub.Tests\Geekhub.Tests.csproj", "{FB7D1813-C2CF-4A63-87A8-25C37B2BCAB6}"
EndProject
Project("{FAE04EC0-301F-11D3-BF4B-00C04F79EFBC}") = "Deldysoft.Foundation", "Deldysoft.Foundation\Deldysoft.Foundation.csproj", "{25F02573-21E7-49C4-B0CA-15117E8294A4}"
EndProject
Global
	GlobalSection(SolutionConfigurationPlatforms) = preSolution
		Debug|Any CPU = Debug|Any CPU
		Release|Any CPU = Release|Any CPU
	EndGlobalSection
	GlobalSection(ProjectConfigurationPlatforms) = postSolution
		{B3AFAFCC-986D-4F5A-8EBA-25AF228D60AC}.Debug|Any CPU.ActiveCfg = Debug|Any CPU
		{B3AFAFCC-986D-4F5A-8EBA-25AF228D60AC}.Debug|Any CPU.Build.0 = Debug|Any CPU
		{B3AFAFCC-986D-4F5A-8EBA-25AF228D60AC}.Release|Any CPU.ActiveCfg = Release|Any CPU
		{B3AFAFCC-986D-4F5A-8EBA-25AF228D60AC}.Release|Any CPU.Build.0 = Release|Any CPU
		{FB7D1813-C2CF-4A63-87A8-25C37B2BCAB6}.Debug|Any CPU.ActiveCfg = Debug|Any CPU
		{FB7D1813-C2CF-4A63-87A8-25C37B2BCAB6}.Debug|Any CPU.Build.0 = Debug|Any CPU
		{FB7D1813-C2CF-4A63-87A8-25C37B2BCAB6}.Release|Any CPU.ActiveCfg = Release|Any CPU
		{FB7D1813-C2CF-4A63-87A8-25C37B2BCAB6}.Release|Any CPU.Build.0 = Release|Any CPU
		{25F02573-21E7-49C4-B0CA-15117E8294A4}.Debug|Any CPU.ActiveCfg = Debug|Any CPU
		{25F02573-21E7-49C4-B0CA-15117E8294A4}.Debug|Any CPU.Build.0 = Debug|Any CPU
		{25F02573-21E7-49C4-B0CA-15117E8294A4}.Release|Any CPU.ActiveCfg = Release|Any CPU
		{25F02573-21E7-49C4-B0CA-15117E8294A4}.Release|Any CPU.Build.0 = Release|Any CPU
	EndGlobalSection
	GlobalSection(SolutionProperties) = preSolution
		HideSolutionNode = FALSE
	EndGlobalSection
EndGlobal
